{
  "version": "16.6.0",
  "lockfileVersion": 1,
  "requires": true,
  "dependencies": {
    "yarn": {
      "version": "1.21.1",
      "resolved": "https://registry.npm.taobao.org/yarn/download/yarn-1.21.1.tgz?cache=0&sync_timestamp=1576069986796&other_urls=https%3A%2F%2Fregistry.npm.taobao.org%2Fyarn%2Fdownload%2Fyarn-1.21.1.tgz",
      "integrity": "sha1-HV2gGpoDSS3EpZV778H9EtqD2Jw="
    }
  }
}
